{
  "name": "prolog",
  "version": "1.0.0",
  "lockfileVersion": 3,
  "requires": true,
  "packages": {
    "": {
      "name": "prolog",
      "version": "1.0.0",
      "license": "ISC",
      "dependencies": {
        "@types/node": "^20.11.5",
        "swipl": "^1.0.6"
      }
    },
    "node_modules/@types/node": {
      "version": "20.11.5",
      "resolved": "https://registry.npmjs.org/@types/node/-/node-20.11.5.tgz",
      "integrity": "sha512-g557vgQjUUfN76MZAN/dt1z3dzcUsimuysco0KeluHgrPdJXkP/XdAURgyO2W9fZWHRtRBiVKzKn8vyOAwlG+w==",
      "dependencies": {
        "undici-types": "~5.26.4"
      }
    },
    "node_modules/nan": {
      "version": "2.18.0",
      "resolved": "https://registry.npmjs.org/nan/-/nan-2.18.0.tgz",
      "integrity": "sha512-W7tfG7vMOGtD30sHoZSSc/JVYiyDPEyQVso/Zz+/uQd0B0L46gtC+pHha5FFMRpil6fm/AoEcRWyOVi4+E/f8w=="
    },
    "node_modules/swipl": {
      "version": "1.0.6",
      "resolved": "https://registry.npmjs.org/swipl/-/swipl-1.0.6.tgz",
      "integrity": "sha512-+lAZ48e00bVv9DXBq5QPBuH5Mxj9Hys+mQ0vda05gX1MtjIzRQaPKSDmtyW/4cirtGC8QADWxvz92R/4oihmlg==",
      "hasInstallScript": true,
      "dependencies": {
        "nan": "^2.4.0"
      },
      "engines": {
        "node": ">= 7"
      }
    },
    "node_modules/undici-types": {
      "version": "5.26.5",
      "resolved": "https://registry.npmjs.org/undici-types/-/undici-types-5.26.5.tgz",
      "integrity": "sha512-JlCMO+ehdEIKqlFxk6IfVoAUVmgz7cU7zD/h9XZ0qzeosSHmUJVOzSQvvYSYWXkFXC+IfLKSIffhv0sVZup6pA=="
    }
  }
}
